
Microsoft Visual Studio Solution File, Format Version 12.00
# Visual Studio Version 16
VisualStudioVersion = 16.0.30011.22
MinimumVisualStudioVersion = 10.0.40219.1
Project("{FAE04EC0-301F-11D3-BF4B-00C04F79EFBC}") = "TomTomWeb", "TomTomWeb\TomTomWeb.csproj", "{C61EB6F7-5F88-4F82-9227-4F1E6B8B22FF}"
EndProject
Global
	GlobalSection(SolutionConfigurationPlatforms) = preSolution
		Debug|Any CPU = Debug|Any CPU
		Release|Any CPU = Release|Any CPU
	EndGlobalSection
	GlobalSection(ProjectConfigurationPlatforms) = postSolution
		{C61EB6F7-5F88-4F82-9227-4F1E6B8B22FF}.Debug|Any CPU.ActiveCfg = Debug|Any CPU
		{C61EB6F7-5F88-4F82-9227-4F1E6B8B22FF}.Debug|Any CPU.Build.0 = Debug|Any CPU
		{C61EB6F7-5F88-4F82-9227-4F1E6B8B22FF}.Release|Any CPU.ActiveCfg = Release|Any CPU
		{C61EB6F7-5F88-4F82-9227-4F1E6B8B22FF}.Release|Any CPU.Build.0 = Release|Any CPU
	EndGlobalSection
	GlobalSection(SolutionProperties) = preSolution
		HideSolutionNode = FALSE
	EndGlobalSection
	GlobalSection(ExtensibilityGlobals) = postSolution
		SolutionGuid = {F5561D00-D131-4D32-869F-BC9B66ABDC15}
	EndGlobalSection
EndGlobal
